
Microsoft Visual Studio Solution File, Format Version 12.00
# Visual Studio Version 17
VisualStudioVersion = 17.13.35806.99 d17.13
MinimumVisualStudioVersion = 10.0.40219.1
Project("{888888A0-9F3D-457C-B088-3A5042F75D52}") = "Tund3_IF", "Tund3_IF.pyproj", "{35C222D3-A603-41A1-8E89-66FDB4978BD5}"
EndProject
Global
	GlobalSection(SolutionConfigurationPlatforms) = preSolution
		Debug|Any CPU = Debug|Any CPU
		Release|Any CPU = Release|Any CPU
	EndGlobalSection
	GlobalSection(ProjectConfigurationPlatforms) = postSolution
		{35C222D3-A603-41A1-8E89-66FDB4978BD5}.Debug|Any CPU.ActiveCfg = Debug|Any CPU
		{35C222D3-A603-41A1-8E89-66FDB4978BD5}.Release|Any CPU.ActiveCfg = Release|Any CPU
	EndGlobalSection
	GlobalSection(SolutionProperties) = preSolution
		HideSolutionNode = FALSE
	EndGlobalSection
	GlobalSection(ExtensibilityGlobals) = postSolution
		SolutionGuid = {89E5D63C-99DB-42B6-9155-F6A3A4FD901B}
	EndGlobalSection
EndGlobal
